
Microsoft Visual Studio Solution File, Format Version 12.00
# Visual Studio Version 16
VisualStudioVersion = 16.0.30611.23
MinimumVisualStudioVersion = 10.0.40219.1
Project("{FAE04EC0-301F-11D3-BF4B-00C04F79EFBC}") = "EmployeeApp", "EmployeeApp\EmployeeApp.csproj", "{1A611588-9AD2-448F-B432-B058DEE67EE9}"
EndProject
Global
	GlobalSection(SolutionConfigurationPlatforms) = preSolution
		Debug|Any CPU = Debug|Any CPU
		Release|Any CPU = Release|Any CPU
	EndGlobalSection
	GlobalSection(ProjectConfigurationPlatforms) = postSolution
		{1A611588-9AD2-448F-B432-B058DEE67EE9}.Debug|Any CPU.ActiveCfg = Debug|Any CPU
		{1A611588-9AD2-448F-B432-B058DEE67EE9}.Debug|Any CPU.Build.0 = Debug|Any CPU
		{1A611588-9AD2-448F-B432-B058DEE67EE9}.Release|Any CPU.ActiveCfg = Release|Any CPU
		{1A611588-9AD2-448F-B432-B058DEE67EE9}.Release|Any CPU.Build.0 = Release|Any CPU
	EndGlobalSection
	GlobalSection(SolutionProperties) = preSolution
		HideSolutionNode = FALSE
	EndGlobalSection
	GlobalSection(ExtensibilityGlobals) = postSolution
		SolutionGuid = {3D850EAE-2607-4308-A244-BD0C56D06460}
	EndGlobalSection
EndGlobal
